
Microsoft Visual Studio Solution File, Format Version 12.00
Project("{FAE04EC0-301F-11D3-BF4B-00C04F79EFBC}") = "faq_react_v2.2", "faq_react_v2.2\faq_react_v2.2.csproj", "{DDF33F6A-DF5E-46E8-98D0-58D8A20E9A73}"
EndProject
Global
	GlobalSection(SolutionConfigurationPlatforms) = preSolution
		Debug|Any CPU = Debug|Any CPU
		Release|Any CPU = Release|Any CPU
	EndGlobalSection
	GlobalSection(ProjectConfigurationPlatforms) = postSolution
		{DDF33F6A-DF5E-46E8-98D0-58D8A20E9A73}.Debug|Any CPU.ActiveCfg = Debug|Any CPU
		{DDF33F6A-DF5E-46E8-98D0-58D8A20E9A73}.Debug|Any CPU.Build.0 = Debug|Any CPU
		{DDF33F6A-DF5E-46E8-98D0-58D8A20E9A73}.Release|Any CPU.ActiveCfg = Release|Any CPU
		{DDF33F6A-DF5E-46E8-98D0-58D8A20E9A73}.Release|Any CPU.Build.0 = Release|Any CPU
	EndGlobalSection
EndGlobal
